
Microsoft Visual Studio Solution File, Format Version 12.00
# Visual Studio Version 16
VisualStudioVersion = 16.0.31727.386
MinimumVisualStudioVersion = 10.0.40219.1
Project("{FAE04EC0-301F-11D3-BF4B-00C04F79EFBC}") = "Lab7-1", "Lab7-1\Lab7-1.csproj", "{244D5811-C439-4AAA-850B-A8BA601FCB39}"
EndProject
Global
	GlobalSection(SolutionConfigurationPlatforms) = preSolution
		Debug|Any CPU = Debug|Any CPU
		Release|Any CPU = Release|Any CPU
	EndGlobalSection
	GlobalSection(ProjectConfigurationPlatforms) = postSolution
		{244D5811-C439-4AAA-850B-A8BA601FCB39}.Debug|Any CPU.ActiveCfg = Debug|Any CPU
		{244D5811-C439-4AAA-850B-A8BA601FCB39}.Debug|Any CPU.Build.0 = Debug|Any CPU
		{244D5811-C439-4AAA-850B-A8BA601FCB39}.Release|Any CPU.ActiveCfg = Release|Any CPU
		{244D5811-C439-4AAA-850B-A8BA601FCB39}.Release|Any CPU.Build.0 = Release|Any CPU
	EndGlobalSection
	GlobalSection(SolutionProperties) = preSolution
		HideSolutionNode = FALSE
	EndGlobalSection
	GlobalSection(ExtensibilityGlobals) = postSolution
		SolutionGuid = {4A80F2F5-2CB4-4FAA-9393-8D6DB8629CE7}
	EndGlobalSection
EndGlobal
